// !$*UTF8*$!
{
	archiveVersion = 1;
	classes = {
	};
	objectVersion = 46;
	objects = {

/* Begin PBXBuildFile section */
		E78BA1616C91627C21B33B51 /* libPods-Konachan.a in Frameworks */ = {isa = PBXBuildFile; fileRef = 4150F714913419619E016DD4 /* libPods-Konachan.a */; };
		F40223B91CEBF65000E3B7FE /* ExportTableViewController.m in Sources */ = {isa = PBXBuildFile; fileRef = F40223B81CEBF65000E3B7FE /* ExportTableViewController.m */; };
		F42BB1A41C96DD6D0044E307 /* UIImageView+ProgressView.m in Sources */ = {isa = PBXBuildFile; fileRef = F42BB1A31C96DD6D0044E307 /* UIImageView+ProgressView.m */; };
		F42D2C3E1C02DFFB0049494A /* Konachan.xcdatamodeld in Sources */ = {isa = PBXBuildFile; fileRef = F42D2C3C1C02DFFB0049494A /* Konachan.xcdatamodeld */; };
		F42D2C431C02E38C0049494A /* CloudKit.framework in Frameworks */ = {isa = PBXBuildFile; fileRef = F42D2C421C02E38C0049494A /* CloudKit.framework */; };
		F42D2C481C02E9930049494A /* Tag+CoreDataProperties.m in Sources */ = {isa = PBXBuildFile; fileRef = F42D2C451C02E9930049494A /* Tag+CoreDataProperties.m */; };
		F42D2C491C02E9930049494A /* Tag.m in Sources */ = {isa = PBXBuildFile; fileRef = F42D2C471C02E9930049494A /* Tag.m */; };
		F434EFB11CEF21F100201739 /* KNCCoreDataStackManager.m in Sources */ = {isa = PBXBuildFile; fileRef = F434EFB01CEF21F100201739 /* KNCCoreDataStackManager.m */; };
		F43A0CB41CAE7346005BFE74 /* PreloadPhotoManager.m in Sources */ = {isa = PBXBuildFile; fileRef = F43A0CB31CAE7346005BFE74 /* PreloadPhotoManager.m */; };
		F44997D81CE433D1007ABD4A /* Image+CoreDataProperties.m in Sources */ = {isa = PBXBuildFile; fileRef = F44997D51CE433D1007ABD4A /* Image+CoreDataProperties.m */; };
		F44997D91CE433D1007ABD4A /* Image.m in Sources */ = {isa = PBXBuildFile; fileRef = F44997D71CE433D1007ABD4A /* Image.m */; };
		F4C2DB7A1CE5525400F68F0F /* LocalImageDataSource.m in Sources */ = {isa = PBXBuildFile; fileRef = F4C2DB791CE5525400F68F0F /* LocalImageDataSource.m */; };
		F4C6B0601B76FEEE00A0198A /* SettingsTableViewController.m in Sources */ = {isa = PBXBuildFile; fileRef = F4C6B05F1B76FEEE00A0198A /* SettingsTableViewController.m */; };
		F4E5F0E61B71F92C00AA21D6 /* TagTableViewCell.m in Sources */ = {isa = PBXBuildFile; fileRef = F4E5F0E51B71F92C00AA21D6 /* TagTableViewCell.m */; };
		F4E5F0EF1B71FF4E00AA21D6 /* Picture.m in Sources */ = {isa = PBXBuildFile; fileRef = F4E5F0EE1B71FF4E00AA21D6 /* Picture.m */; };
		F4F0A3401B71E94000289149 /* main.m in Sources */ = {isa = PBXBuildFile; fileRef = F4F0A33F1B71E94000289149 /* main.m */; };
		F4F0A3431B71E94000289149 /* AppDelegate.m in Sources */ = {isa = PBXBuildFile; fileRef = F4F0A3421B71E94000289149 /* AppDelegate.m */; };
		F4F0A3461B71E94000289149 /* ViewController.m in Sources */ = {isa = PBXBuildFile; fileRef = F4F0A3451B71E94000289149 /* ViewController.m */; };
		F4F0A3491B71E94000289149 /* Main.storyboard in Resources */ = {isa = PBXBuildFile; fileRef = F4F0A3471B71E94000289149 /* Main.storyboard */; };
		F4F0A34B1B71E94000289149 /* Assets.xcassets in Resources */ = {isa = PBXBuildFile; fileRef = F4F0A34A1B71E94000289149 /* Assets.xcassets */; };
		F4F0A34E1B71E94000289149 /* LaunchScreen.storyboard in Resources */ = {isa = PBXBuildFile; fileRef = F4F0A34C1B71E94000289149 /* LaunchScreen.storyboard */; };
		F4F0A3571B71E9C000289149 /* TagPhotosViewController.m in Sources */ = {isa = PBXBuildFile; fileRef = F4F0A3561B71E9C000289149 /* TagPhotosViewController.m */; };
		F4F0A35A1B71E9E600289149 /* PhotoCell.m in Sources */ = {isa = PBXBuildFile; fileRef = F4F0A3591B71E9E600289149 /* PhotoCell.m */; };
/* End PBXBuildFile section */

/* Begin PBXFileReference section */
		2DB3BBB9E18B37BD0F2999AA /* Pods-Konachan.release.xcconfig */ = {isa = PBXFileReference; includeInIndex = 1; lastKnownFileType = text.xcconfig; name = "Pods-Konachan.release.xcconfig"; path = "Pods/Target Support Files/Pods-Konachan/Pods-Konachan.release.xcconfig"; sourceTree = "<group>"; };
		4150F714913419619E016DD4 /* libPods-Konachan.a */ = {isa = PBXFileReference; explicitFileType = archive.ar; includeInIndex = 0; path = "libPods-Konachan.a"; sourceTree = BUILT_PRODUCTS_DIR; };
		987AD3BEF79561765A45C17A /* Pods-Konachan.debug.xcconfig */ = {isa = PBXFileReference; includeInIndex = 1; lastKnownFileType = text.xcconfig; name = "Pods-Konachan.debug.xcconfig"; path = "Pods/Target Support Files/Pods-Konachan/Pods-Konachan.debug.xcconfig"; sourceTree = "<group>"; };
		F40223B71CEBF65000E3B7FE /* ExportTableViewController.h */ = {isa = PBXFileReference; fileEncoding = 4; lastKnownFileType = sourcecode.c.h; path = ExportTableViewController.h; sourceTree = "<group>"; };
		F40223B81CEBF65000E3B7FE /* ExportTableViewController.m */ = {isa = PBXFileReference; fileEncoding = 4; lastKnownFileType = sourcecode.c.objc; path = ExportTableViewController.m; sourceTree = "<group>"; };
		F42BB1A21C96DD6D0044E307 /* UIImageView+ProgressView.h */ = {isa = PBXFileReference; fileEncoding = 4; lastKnownFileType = sourcecode.c.h; path = "UIImageView+ProgressView.h"; sourceTree = "<group>"; };
		F42BB1A31C96DD6D0044E307 /* UIImageView+ProgressView.m */ = {isa = PBXFileReference; fileEncoding = 4; lastKnownFileType = sourcecode.c.objc; path = "UIImageView+ProgressView.m"; sourceTree = "<group>"; };
		F42D2C3D1C02DFFB0049494A /* Konachan.xcdatamodel */ = {isa = PBXFileReference; lastKnownFileType = wrapper.xcdatamodel; path = Konachan.xcdatamodel; sourceTree = "<group>"; };
		F42D2C3F1C02E0950049494A /* Konachan.entitlements */ = {isa = PBXFileReference; lastKnownFileType = text.xml; path = Konachan.entitlements; sourceTree = "<group>"; };
		F42D2C421C02E38C0049494A /* CloudKit.framework */ = {isa = PBXFileReference; lastKnownFileType = wrapper.framework; name = CloudKit.framework; path = System/Library/Frameworks/CloudKit.framework; sourceTree = SDKROOT; };
		F42D2C441C02E9930049494A /* Tag+CoreDataProperties.h */ = {isa = PBXFileReference; fileEncoding = 4; lastKnownFileType = sourcecode.c.h; path = "Tag+CoreDataProperties.h"; sourceTree = "<group>"; };
		F42D2C451C02E9930049494A /* Tag+CoreDataProperties.m */ = {isa = PBXFileReference; fileEncoding = 4; lastKnownFileType = sourcecode.c.objc; path = "Tag+CoreDataProperties.m"; sourceTree = "<group>"; };
		F42D2C461C02E9930049494A /* Tag.h */ = {isa = PBXFileReference; fileEncoding = 4; lastKnownFileType = sourcecode.c.h; path = Tag.h; sourceTree = "<group>"; };
		F42D2C471C02E9930049494A /* Tag.m */ = {isa = PBXFileReference; fileEncoding = 4; lastKnownFileType = sourcecode.c.objc; path = Tag.m; sourceTree = "<group>"; };
		F434EFAF1CEF21F100201739 /* KNCCoreDataStackManager.h */ = {isa = PBXFileReference; fileEncoding = 4; lastKnownFileType = sourcecode.c.h; path = KNCCoreDataStackManager.h; sourceTree = "<group>"; };
		F434EFB01CEF21F100201739 /* KNCCoreDataStackManager.m */ = {isa = PBXFileReference; fileEncoding = 4; lastKnownFileType = sourcecode.c.objc; path = KNCCoreDataStackManager.m; sourceTree = "<group>"; };
		F43A0CB21CAE7346005BFE74 /* PreloadPhotoManager.h */ = {isa = PBXFileReference; fileEncoding = 4; lastKnownFileType = sourcecode.c.h; path = PreloadPhotoManager.h; sourceTree = "<group>"; };
		F43A0CB31CAE7346005BFE74 /* PreloadPhotoManager.m */ = {isa = PBXFileReference; fileEncoding = 4; lastKnownFileType = sourcecode.c.objc; path = PreloadPhotoManager.m; sourceTree = "<group>"; };
		F44997D11CE420B2007ABD4A /* Konachan v2.xcdatamodel */ = {isa = PBXFileReference; lastKnownFileType = wrapper.xcdatamodel; path = "Konachan v2.xcdatamodel"; sourceTree = "<group>"; };
		F44997D41CE433D1007ABD4A /* Image+CoreDataProperties.h */ = {isa = PBXFileReference; fileEncoding = 4; lastKnownFileType = sourcecode.c.h; path = "Image+CoreDataProperties.h"; sourceTree = "<group>"; };
		F44997D51CE433D1007ABD4A /* Image+CoreDataProperties.m */ = {isa = PBXFileReference; fileEncoding = 4; lastKnownFileType = sourcecode.c.objc; path = "Image+CoreDataProperties.m"; sourceTree = "<group>"; };
		F44997D61CE433D1007ABD4A /* Image.h */ = {isa = PBXFileReference; fileEncoding = 4; lastKnownFileType = sourcecode.c.h; path = Image.h; sourceTree = "<group>"; };
		F44997D71CE433D1007ABD4A /* Image.m */ = {isa = PBXFileReference; fileEncoding = 4; lastKnownFileType = sourcecode.c.objc; path = Image.m; sourceTree = "<group>"; };
		F47800C01C12C0DD00428F2C /* KonachanTool.h */ = {isa = PBXFileReference; fileEncoding = 4; lastKnownFileType = sourcecode.c.h; path = KonachanTool.h; sourceTree = "<group>"; };
		F4C2DB781CE5525400F68F0F /* LocalImageDataSource.h */ = {isa = PBXFileReference; fileEncoding = 4; lastKnownFileType = sourcecode.c.h; path = LocalImageDataSource.h; sourceTree = "<group>"; };
		F4C2DB791CE5525400F68F0F /* LocalImageDataSource.m */ = {isa = PBXFileReference; fileEncoding = 4; lastKnownFileType = sourcecode.c.objc; path = LocalImageDataSource.m; sourceTree = "<group>"; };
		F4C6B05E1B76FEEE00A0198A /* SettingsTableViewController.h */ = {isa = PBXFileReference; fileEncoding = 4; lastKnownFileType = sourcecode.c.h; path = SettingsTableViewController.h; sourceTree = "<group>"; };
		F4C6B05F1B76FEEE00A0198A /* SettingsTableViewController.m */ = {isa = PBXFileReference; fileEncoding = 4; lastKnownFileType = sourcecode.c.objc; lineEnding = 0; path = SettingsTableViewController.m; sourceTree = "<group>"; xcLanguageSpecificationIdentifier = xcode.lang.objc; };
		F4E5F0E31B71ED5600AA21D6 /* KonachanAPI.h */ = {isa = PBXFileReference; lastKnownFileType = sourcecode.c.h; path = KonachanAPI.h; sourceTree = "<group>"; };
		F4E5F0E41B71F92C00AA21D6 /* TagTableViewCell.h */ = {isa = PBXFileReference; fileEncoding = 4; lastKnownFileType = sourcecode.c.h; path = TagTableViewCell.h; sourceTree = "<group>"; };
		F4E5F0E51B71F92C00AA21D6 /* TagTableViewCell.m */ = {isa = PBXFileReference; fileEncoding = 4; lastKnownFileType = sourcecode.c.objc; path = TagTableViewCell.m; sourceTree = "<group>"; };
		F4E5F0ED1B71FF4E00AA21D6 /* Picture.h */ = {isa = PBXFileReference; fileEncoding = 4; lastKnownFileType = sourcecode.c.h; path = Picture.h; sourceTree = "<group>"; };
		F4E5F0EE1B71FF4E00AA21D6 /* Picture.m */ = {isa = PBXFileReference; fileEncoding = 4; lastKnownFileType = sourcecode.c.objc; path = Picture.m; sourceTree = "<group>"; };
		F4F0A33B1B71E94000289149 /* Konachan.app */ = {isa = PBXFileReference; explicitFileType = wrapper.application; includeInIndex = 0; path = Konachan.app; sourceTree = BUILT_PRODUCTS_DIR; };
		F4F0A33F1B71E94000289149 /* main.m */ = {isa = PBXFileReference; lastKnownFileType = sourcecode.c.objc; path = main.m; sourceTree = "<group>"; };
		F4F0A3411B71E94000289149 /* AppDelegate.h */ = {isa = PBXFileReference; lastKnownFileType = sourcecode.c.h; path = AppDelegate.h; sourceTree = "<group>"; };
		F4F0A3421B71E94000289149 /* AppDelegate.m */ = {isa = PBXFileReference; lastKnownFileType = sourcecode.c.objc; path = AppDelegate.m; sourceTree = "<group>"; };
		F4F0A3441B71E94000289149 /* ViewController.h */ = {isa = PBXFileReference; lastKnownFileType = sourcecode.c.h; path = ViewController.h; sourceTree = "<group>"; };
		F4F0A3451B71E94000289149 /* ViewController.m */ = {isa = PBXFileReference; lastKnownFileType = sourcecode.c.objc; path = ViewController.m; sourceTree = "<group>"; };
		F4F0A3481B71E94000289149 /* Base */ = {isa = PBXFileReference; lastKnownFileType = file.storyboard; name = Base; path = Base.lproj/Main.storyboard; sourceTree = "<group>"; };
		F4F0A34A1B71E94000289149 /* Assets.xcassets */ = {isa = PBXFileReference; lastKnownFileType = folder.assetcatalog; path = Assets.xcassets; sourceTree = "<group>"; };
		F4F0A34D1B71E94000289149 /* Base */ = {isa = PBXFileReference; lastKnownFileType = file.storyboard; name = Base; path = Base.lproj/LaunchScreen.storyboard; sourceTree = "<group>"; };
		F4F0A34F1B71E94000289149 /* Info.plist */ = {isa = PBXFileReference; lastKnownFileType = text.plist.xml; path = Info.plist; sourceTree = "<group>"; };
		F4F0A3551B71E9C000289149 /* TagPhotosViewController.h */ = {isa = PBXFileReference; fileEncoding = 4; lastKnownFileType = sourcecode.c.h; path = TagPhotosViewController.h; sourceTree = "<group>"; };
		F4F0A3561B71E9C000289149 /* TagPhotosViewController.m */ = {isa = PBXFileReference; fileEncoding = 4; lastKnownFileType = sourcecode.c.objc; path = TagPhotosViewController.m; sourceTree = "<group>"; };
		F4F0A3581B71E9E600289149 /* PhotoCell.h */ = {isa = PBXFileReference; fileEncoding = 4; lastKnownFileType = sourcecode.c.h; path = PhotoCell.h; sourceTree = "<group>"; };
		F4F0A3591B71E9E600289149 /* PhotoCell.m */ = {isa = PBXFileReference; fileEncoding = 4; lastKnownFileType = sourcecode.c.objc; path = PhotoCell.m; sourceTree = "<group>"; };
/* End PBXFileReference section */

/* Begin PBXFrameworksBuildPhase section */
		F4F0A3381B71E94000289149 /* Frameworks */ = {
			isa = PBXFrameworksBuildPhase;
			buildActionMask = 2147483647;
			files = (
				F42D2C431C02E38C0049494A /* CloudKit.framework in Frameworks */,
				E78BA1616C91627C21B33B51 /* libPods-Konachan.a in Frameworks */,
			);
			runOnlyForDeploymentPostprocessing = 0;
		};
/* End PBXFrameworksBuildPhase section */

/* Begin PBXGroup section */
		A353000DCD6FDBFC8A4459AE /* Frameworks */ = {
			isa = PBXGroup;
			children = (
				F42D2C421C02E38C0049494A /* CloudKit.framework */,
				4150F714913419619E016DD4 /* libPods-Konachan.a */,
			);
			name = Frameworks;
			sourceTree = "<group>";
		};
		DA6CA22F04ED32CAE823CD89 /* Pods */ = {
			isa = PBXGroup;
			children = (
				987AD3BEF79561765A45C17A /* Pods-Konachan.debug.xcconfig */,
				2DB3BBB9E18B37BD0F2999AA /* Pods-Konachan.release.xcconfig */,
			);
			name = Pods;
			sourceTree = "<group>";
		};
		F44997D21CE422CE007ABD4A /* Model */ = {
			isa = PBXGroup;
			children = (
				F44997D41CE433D1007ABD4A /* Image+CoreDataProperties.h */,
				F44997D51CE433D1007ABD4A /* Image+CoreDataProperties.m */,
				F44997D61CE433D1007ABD4A /* Image.h */,
				F44997D71CE433D1007ABD4A /* Image.m */,
				F42D2C441C02E9930049494A /* Tag+CoreDataProperties.h */,
				F42D2C451C02E9930049494A /* Tag+CoreDataProperties.m */,
				F42D2C461C02E9930049494A /* Tag.h */,
				F42D2C471C02E9930049494A /* Tag.m */,
				F4E5F0ED1B71FF4E00AA21D6 /* Picture.h */,
				F4E5F0EE1B71FF4E00AA21D6 /* Picture.m */,
			);
			name = Model;
			sourceTree = "<group>";
		};
		F44997D31CE422FB007ABD4A /* View */ = {
			isa = PBXGroup;
			children = (
				F4E5F0E41B71F92C00AA21D6 /* TagTableViewCell.h */,
				F4E5F0E51B71F92C00AA21D6 /* TagTableViewCell.m */,
				F4F0A3581B71E9E600289149 /* PhotoCell.h */,
				F4F0A3591B71E9E600289149 /* PhotoCell.m */,
				F42BB1A21C96DD6D0044E307 /* UIImageView+ProgressView.h */,
				F42BB1A31C96DD6D0044E307 /* UIImageView+ProgressView.m */,
			);
			name = View;
			sourceTree = "<group>";
		};
		F4F0A3321B71E94000289149 = {
			isa = PBXGroup;
			children = (
				F4F0A33D1B71E94000289149 /* Konachan */,
				F4F0A33C1B71E94000289149 /* Products */,
				A353000DCD6FDBFC8A4459AE /* Frameworks */,
				DA6CA22F04ED32CAE823CD89 /* Pods */,
			);
			sourceTree = "<group>";
		};
		F4F0A33C1B71E94000289149 /* Products */ = {
			isa = PBXGroup;
			children = (
				F4F0A33B1B71E94000289149 /* Konachan.app */,
			);
			name = Products;
			sourceTree = "<group>";
		};
		F4F0A33D1B71E94000289149 /* Konachan */ = {
			isa = PBXGroup;
			children = (
				F44997D21CE422CE007ABD4A /* Model */,
				F42D2C3F1C02E0950049494A /* Konachan.entitlements */,
				F44997D31CE422FB007ABD4A /* View */,
				F4F0A3441B71E94000289149 /* ViewController.h */,
				F4F0A3451B71E94000289149 /* ViewController.m */,
				F4E5F0E31B71ED5600AA21D6 /* KonachanAPI.h */,
				F4F0A3411B71E94000289149 /* AppDelegate.h */,
				F4F0A3421B71E94000289149 /* AppDelegate.m */,
				F4F0A3471B71E94000289149 /* Main.storyboard */,
				F4F0A34A1B71E94000289149 /* Assets.xcassets */,
				F4F0A34C1B71E94000289149 /* LaunchScreen.storyboard */,
				F4F0A34F1B71E94000289149 /* Info.plist */,
				F4F0A33E1B71E94000289149 /* Supporting Files */,
				F4F0A3551B71E9C000289149 /* TagPhotosViewController.h */,
				F4F0A3561B71E9C000289149 /* TagPhotosViewController.m */,
				F4C6B05E1B76FEEE00A0198A /* SettingsTableViewController.h */,
				F4C6B05F1B76FEEE00A0198A /* SettingsTableViewController.m */,
				F42D2C3C1C02DFFB0049494A /* Konachan.xcdatamodeld */,
				F43A0CB21CAE7346005BFE74 /* PreloadPhotoManager.h */,
				F43A0CB31CAE7346005BFE74 /* PreloadPhotoManager.m */,
				F4C2DB781CE5525400F68F0F /* LocalImageDataSource.h */,
				F4C2DB791CE5525400F68F0F /* LocalImageDataSource.m */,
				F40223B71CEBF65000E3B7FE /* ExportTableViewController.h */,
				F40223B81CEBF65000E3B7FE /* ExportTableViewController.m */,
				F434EFAF1CEF21F100201739 /* KNCCoreDataStackManager.h */,
				F434EFB01CEF21F100201739 /* KNCCoreDataStackManager.m */,
			);
			path = Konachan;
			sourceTree = "<group>";
		};
		F4F0A33E1B71E94000289149 /* Supporting Files */ = {
			isa = PBXGroup;
			children = (
				F47800C01C12C0DD00428F2C /* KonachanTool.h */,
				F4F0A33F1B71E94000289149 /* main.m */,
			);
			name = "Supporting Files";
			sourceTree = "<group>";
		};
/* End PBXGroup section */

/* Begin PBXNativeTarget section */
		F4F0A33A1B71E94000289149 /* Konachan */ = {
			isa = PBXNativeTarget;
			buildConfigurationList = F4F0A3521B71E94000289149 /* Build configuration list for PBXNativeTarget "Konachan" */;
			buildPhases = (
				0DA885B4D3B32FB409804EB1 /* 📦 Check Pods Manifest.lock */,
				F4F0A3371B71E94000289149 /* Sources */,
				F4F0A3381B71E94000289149 /* Frameworks */,
				F4F0A3391B71E94000289149 /* Resources */,
				A7EB5B561325F980D35A9B9E /* 📦 Embed Pods Frameworks */,
				767971EC70A10FF92B5AC90B /* 📦 Copy Pods Resources */,
			);
			buildRules = (
			);
			dependencies = (
			);
			name = Konachan;
			productName = Konachan;
			productReference = F4F0A33B1B71E94000289149 /* Konachan.app */;
			productType = "com.apple.product-type.application";
		};
/* End PBXNativeTarget section */

/* Begin PBXProject section */
		F4F0A3331B71E94000289149 /* Project object */ = {
			isa = PBXProject;
			attributes = {
				LastUpgradeCheck = 0700;
				ORGANIZATIONNAME = yaqinking;
				TargetAttributes = {
					F4F0A33A1B71E94000289149 = {
						CreatedOnToolsVersion = 7.0;
						DevelopmentTeam = 2RX98WKS48;
						SystemCapabilities = {
							com.apple.iCloud = {
								enabled = 1;
							};
						};
					};
				};
			};
			buildConfigurationList = F4F0A3361B71E94000289149 /* Build configuration list for PBXProject "Konachan" */;
			compatibilityVersion = "Xcode 3.2";
			developmentRegion = English;
			hasScannedForEncodings = 0;
			knownRegions = (
				en,
				Base,
			);
			mainGroup = F4F0A3321B71E94000289149;
			productRefGroup = F4F0A33C1B71E94000289149 /* Products */;
			projectDirPath = "";
			projectRoot = "";
			targets = (
				F4F0A33A1B71E94000289149 /* Konachan */,
			);
		};
/* End PBXProject section */

/* Begin PBXResourcesBuildPhase section */
		F4F0A3391B71E94000289149 /* Resources */ = {
			isa = PBXResourcesBuildPhase;
			buildActionMask = 2147483647;
			files = (
				F4F0A34E1B71E94000289149 /* LaunchScreen.storyboard in Resources */,
				F4F0A34B1B71E94000289149 /* Assets.xcassets in Resources */,
				F4F0A3491B71E94000289149 /* Main.storyboard in Resources */,
			);
			runOnlyForDeploymentPostprocessing = 0;
		};
/* End PBXResourcesBuildPhase section */

/* Begin PBXShellScriptBuildPhase section */
		0DA885B4D3B32FB409804EB1 /* 📦 Check Pods Manifest.lock */ = {
			isa = PBXShellScriptBuildPhase;
			buildActionMask = 2147483647;
			files = (
			);
			inputPaths = (
			);
			name = "📦 Check Pods Manifest.lock";
			outputPaths = (
			);
			runOnlyForDeploymentPostprocessing = 0;
			shellPath = /bin/sh;
			shellScript = "diff \"${PODS_ROOT}/../Podfile.lock\" \"${PODS_ROOT}/Manifest.lock\" > /dev/null\nif [[ $? != 0 ]] ; then\n    cat << EOM\nerror: The sandbox is not in sync with the Podfile.lock. Run 'pod install' or update your CocoaPods installation.\nEOM\n    exit 1\nfi\n";
			showEnvVarsInLog = 0;
		};
		767971EC70A10FF92B5AC90B /* 📦 Copy Pods Resources */ = {
			isa = PBXShellScriptBuildPhase;
			buildActionMask = 2147483647;
			files = (
			);
			inputPaths = (
			);
			name = "📦 Copy Pods Resources";
			outputPaths = (
			);
			runOnlyForDeploymentPostprocessing = 0;
			shellPath = /bin/sh;
			shellScript = "\"${SRCROOT}/Pods/Target Support Files/Pods-Konachan/Pods-Konachan-resources.sh\"\n";
			showEnvVarsInLog = 0;
		};
		A7EB5B561325F980D35A9B9E /* 📦 Embed Pods Frameworks */ = {
			isa = PBXShellScriptBuildPhase;
			buildActionMask = 2147483647;
			files = (
			);
			inputPaths = (
			);
			name = "📦 Embed Pods Frameworks";
			outputPaths = (
			);
			runOnlyForDeploymentPostprocessing = 0;
			shellPath = /bin/sh;
			shellScript = "\"${SRCROOT}/Pods/Target Support Files/Pods-Konachan/Pods-Konachan-frameworks.sh\"\n";
			showEnvVarsInLog = 0;
		};
/* End PBXShellScriptBuildPhase section */

/* Begin PBXSourcesBuildPhase section */
		F4F0A3371B71E94000289149 /* Sources */ = {
			isa = PBXSourcesBuildPhase;
			buildActionMask = 2147483647;
			files = (
				F42D2C491C02E9930049494A /* Tag.m in Sources */,
				F4F0A3571B71E9C000289149 /* TagPhotosViewController.m in Sources */,
				F4F0A35A1B71E9E600289149 /* PhotoCell.m in Sources */,
				F4C6B0601B76FEEE00A0198A /* SettingsTableViewController.m in Sources */,
				F4E5F0E61B71F92C00AA21D6 /* TagTableViewCell.m in Sources */,
				F4E5F0EF1B71FF4E00AA21D6 /* Picture.m in Sources */,
				F4F0A3461B71E94000289149 /* ViewController.m in Sources */,
				F44997D81CE433D1007ABD4A /* Image+CoreDataProperties.m in Sources */,
				F42D2C481C02E9930049494A /* Tag+CoreDataProperties.m in Sources */,
				F44997D91CE433D1007ABD4A /* Image.m in Sources */,
				F40223B91CEBF65000E3B7FE /* ExportTableViewController.m in Sources */,
				F4C2DB7A1CE5525400F68F0F /* LocalImageDataSource.m in Sources */,
				F42BB1A41C96DD6D0044E307 /* UIImageView+ProgressView.m in Sources */,
				F4F0A3431B71E94000289149 /* AppDelegate.m in Sources */,
				F434EFB11CEF21F100201739 /* KNCCoreDataStackManager.m in Sources */,
				F43A0CB41CAE7346005BFE74 /* PreloadPhotoManager.m in Sources */,
				F42D2C3E1C02DFFB0049494A /* Konachan.xcdatamodeld in Sources */,
				F4F0A3401B71E94000289149 /* main.m in Sources */,
			);
			runOnlyForDeploymentPostprocessing = 0;
		};
/* End PBXSourcesBuildPhase section */

/* Begin PBXVariantGroup section */
		F4F0A3471B71E94000289149 /* Main.storyboard */ = {
			isa = PBXVariantGroup;
			children = (
				F4F0A3481B71E94000289149 /* Base */,
			);
			name = Main.storyboard;
			sourceTree = "<group>";
		};
		F4F0A34C1B71E94000289149 /* LaunchScreen.storyboard */ = {
			isa = PBXVariantGroup;
			children = (
				F4F0A34D1B71E94000289149 /* Base */,
			);
			name = LaunchScreen.storyboard;
			sourceTree = "<group>";
		};
/* End PBXVariantGroup section */

/* Begin XCBuildConfiguration section */
		F4F0A3501B71E94000289149 /* Debug */ = {
			isa = XCBuildConfiguration;
			buildSettings = {
				ALWAYS_SEARCH_USER_PATHS = NO;
				CLANG_CXX_LANGUAGE_STANDARD = "gnu++0x";
				CLANG_CXX_LIBRARY = "libc++";
				CLANG_ENABLE_MODULES = YES;
				CLANG_ENABLE_OBJC_ARC = YES;
				CLANG_WARN_BOOL_CONVERSION = YES;
				CLANG_WARN_CONSTANT_CONVERSION = YES;
				CLANG_WARN_DIRECT_OBJC_ISA_USAGE = YES_ERROR;
				CLANG_WARN_EMPTY_BODY = YES;
				CLANG_WARN_ENUM_CONVERSION = YES;
				CLANG_WARN_INT_CONVERSION = YES;
				CLANG_WARN_OBJC_ROOT_CLASS = YES_ERROR;
				CLANG_WARN_UNREACHABLE_CODE = YES;
				CLANG_WARN__DUPLICATE_METHOD_MATCH = YES;
				"CODE_SIGN_IDENTITY[sdk=iphoneos*]" = "iPhone Developer";
				COPY_PHASE_STRIP = NO;
				DEBUG_INFORMATION_FORMAT = dwarf;
				ENABLE_STRICT_OBJC_MSGSEND = YES;
				ENABLE_TESTABILITY = YES;
				GCC_C_LANGUAGE_STANDARD = gnu99;
				GCC_DYNAMIC_NO_PIC = NO;
				GCC_NO_COMMON_BLOCKS = YES;
				GCC_OPTIMIZATION_LEVEL = 0;
				GCC_PREPROCESSOR_DEFINITIONS = (
					"DEBUG=1",
					"$(inherited)",
				);
				GCC_WARN_64_TO_32_BIT_CONVERSION = YES;
				GCC_WARN_ABOUT_RETURN_TYPE = YES_ERROR;
				GCC_WARN_UNDECLARED_SELECTOR = YES;
				GCC_WARN_UNINITIALIZED_AUTOS = YES_AGGRESSIVE;
				GCC_WARN_UNUSED_FUNCTION = YES;
				GCC_WARN_UNUSED_VARIABLE = YES;
				IPHONEOS_DEPLOYMENT_TARGET = 9.0;
				MTL_ENABLE_DEBUG_INFO = YES;
				ONLY_ACTIVE_ARCH = YES;
				SDKROOT = iphoneos;
				TARGETED_DEVICE_FAMILY = "1,2";
			};
			name = Debug;
		};
		F4F0A3511B71E94000289149 /* Release */ = {
			isa = XCBuildConfiguration;
			buildSettings = {
				ALWAYS_SEARCH_USER_PATHS = NO;
				CLANG_CXX_LANGUAGE_STANDARD = "gnu++0x";
				CLANG_CXX_LIBRARY = "libc++";
				CLANG_ENABLE_MODULES = YES;
				CLANG_ENABLE_OBJC_ARC = YES;
				CLANG_WARN_BOOL_CONVERSION = YES;
				CLANG_WARN_CONSTANT_CONVERSION = YES;
				CLANG_WARN_DIRECT_OBJC_ISA_USAGE = YES_ERROR;
				CLANG_WARN_EMPTY_BODY = YES;
				CLANG_WARN_ENUM_CONVERSION = YES;
				CLANG_WARN_INT_CONVERSION = YES;
				CLANG_WARN_OBJC_ROOT_CLASS = YES_ERROR;
				CLANG_WARN_UNREACHABLE_CODE = YES;
				CLANG_WARN__DUPLICATE_METHOD_MATCH = YES;
				"CODE_SIGN_IDENTITY[sdk=iphoneos*]" = "iPhone Developer";
				COPY_PHASE_STRIP = NO;
				DEBUG_INFORMATION_FORMAT = "dwarf-with-dsym";
				ENABLE_NS_ASSERTIONS = NO;
				ENABLE_STRICT_OBJC_MSGSEND = YES;
				GCC_C_LANGUAGE_STANDARD = gnu99;
				GCC_NO_COMMON_BLOCKS = YES;
				GCC_WARN_64_TO_32_BIT_CONVERSION = YES;
				GCC_WARN_ABOUT_RETURN_TYPE = YES_ERROR;
				GCC_WARN_UNDECLARED_SELECTOR = YES;
				GCC_WARN_UNINITIALIZED_AUTOS = YES_AGGRESSIVE;
				GCC_WARN_UNUSED_FUNCTION = YES;
				GCC_WARN_UNUSED_VARIABLE = YES;
				IPHONEOS_DEPLOYMENT_TARGET = 9.0;
				MTL_ENABLE_DEBUG_INFO = NO;
				SDKROOT = iphoneos;
				TARGETED_DEVICE_FAMILY = "1,2";
				VALIDATE_PRODUCT = YES;
			};
			name = Release;
		};
		F4F0A3531B71E94000289149 /* Debug */ = {
			isa = XCBuildConfiguration;
			baseConfigurationReference = 987AD3BEF79561765A45C17A /* Pods-Konachan.debug.xcconfig */;
			buildSettings = {
				ASSETCATALOG_COMPILER_APPICON_NAME = AppIcon;
				CODE_SIGN_ENTITLEMENTS = Konachan/Konachan.entitlements;
				CODE_SIGN_IDENTITY = "iPhone Developer";
				"CODE_SIGN_IDENTITY[sdk=iphoneos*]" = "iPhone Developer";
				INFOPLIST_FILE = Konachan/Info.plist;
				LD_RUNPATH_SEARCH_PATHS = "$(inherited) @executable_path/Frameworks";
				PRODUCT_BUNDLE_IDENTIFIER = moe.yaqinking.Konachan;
				PRODUCT_NAME = "$(TARGET_NAME)";
				PROVISIONING_PROFILE = "";
			};
			name = Debug;
		};
		F4F0A3541B71E94000289149 /* Release */ = {
			isa = XCBuildConfiguration;
			baseConfigurationReference = 2DB3BBB9E18B37BD0F2999AA /* Pods-Konachan.release.xcconfig */;
			buildSettings = {
				ASSETCATALOG_COMPILER_APPICON_NAME = AppIcon;
				CODE_SIGN_ENTITLEMENTS = Konachan/Konachan.entitlements;
				CODE_SIGN_IDENTITY = "iPhone Developer";
				"CODE_SIGN_IDENTITY[sdk=iphoneos*]" = "iPhone Developer";
				INFOPLIST_FILE = Konachan/Info.plist;
				LD_RUNPATH_SEARCH_PATHS = "$(inherited) @executable_path/Frameworks";
				PRODUCT_BUNDLE_IDENTIFIER = moe.yaqinking.Konachan;
				PRODUCT_NAME = "$(TARGET_NAME)";
				PROVISIONING_PROFILE = "";
			};
			name = Release;
		};
/* End XCBuildConfiguration section */

/* Begin XCConfigurationList section */
		F4F0A3361B71E94000289149 /* Build configuration list for PBXProject "Konachan" */ = {
			isa = XCConfigurationList;
			buildConfigurations = (
				F4F0A3501B71E94000289149 /* Debug */,
				F4F0A3511B71E94000289149 /* Release */,
			);
			defaultConfigurationIsVisible = 0;
			defaultConfigurationName = Release;
		};
		F4F0A3521B71E94000289149 /* Build configuration list for PBXNativeTarget "Konachan" */ = {
			isa = XCConfigurationList;
			buildConfigurations = (
				F4F0A3531B71E94000289149 /* Debug */,
				F4F0A3541B71E94000289149 /* Release */,
			);
			defaultConfigurationIsVisible = 0;
			defaultConfigurationName = Release;
		};
/* End XCConfigurationList section */

/* Begin XCVersionGroup section */
		F42D2C3C1C02DFFB0049494A /* Konachan.xcdatamodeld */ = {
			isa = XCVersionGroup;
			children = (
				F44997D11CE420B2007ABD4A /* Konachan v2.xcdatamodel */,
				F42D2C3D1C02DFFB0049494A /* Konachan.xcdatamodel */,
			);
			currentVersion = F44997D11CE420B2007ABD4A /* Konachan v2.xcdatamodel */;
			path = Konachan.xcdatamodeld;
			sourceTree = "<group>";
			versionGroupType = wrapper.xcdatamodel;
		};
/* End XCVersionGroup section */
	};
	rootObject = F4F0A3331B71E94000289149 /* Project object */;
}
